
Microsoft Visual Studio Solution File, Format Version 12.00
# Visual Studio Version 17
VisualStudioVersion = 17.10.35027.167
MinimumVisualStudioVersion = 10.0.40219.1
Project("{2150E333-8FDC-42A3-9474-1A3956D46DE8}") = "APIBased", "APIBased", "{C460F499-3B24-4C8E-9FD3-C3783F99AD7A}"
EndProject
Project("{FAE04EC0-301F-11D3-BF4B-00C04F79EFBC}") = "APIBased.ServiceA", "APIBased\APIBased.ServiceA\APIBased.ServiceA.csproj", "{1CC7ED4B-3253-49B2-8DDB-9D8B6C5EAFB2}"
EndProject
Project("{FAE04EC0-301F-11D3-BF4B-00C04F79EFBC}") = "APIBased.ServiceB", "APIBased\APIBased.ServiceB\APIBased.ServiceB.csproj", "{B7CF75B3-34B5-436F-B22D-CB65C01814E6}"
EndProject
Global
	GlobalSection(SolutionConfigurationPlatforms) = preSolution
		Debug|Any CPU = Debug|Any CPU
		Release|Any CPU = Release|Any CPU
	EndGlobalSection
	GlobalSection(ProjectConfigurationPlatforms) = postSolution
		{1CC7ED4B-3253-49B2-8DDB-9D8B6C5EAFB2}.Debug|Any CPU.ActiveCfg = Debug|Any CPU
		{1CC7ED4B-3253-49B2-8DDB-9D8B6C5EAFB2}.Debug|Any CPU.Build.0 = Debug|Any CPU
		{1CC7ED4B-3253-49B2-8DDB-9D8B6C5EAFB2}.Release|Any CPU.ActiveCfg = Release|Any CPU
		{1CC7ED4B-3253-49B2-8DDB-9D8B6C5EAFB2}.Release|Any CPU.Build.0 = Release|Any CPU
		{B7CF75B3-34B5-436F-B22D-CB65C01814E6}.Debug|Any CPU.ActiveCfg = Debug|Any CPU
		{B7CF75B3-34B5-436F-B22D-CB65C01814E6}.Debug|Any CPU.Build.0 = Debug|Any CPU
		{B7CF75B3-34B5-436F-B22D-CB65C01814E6}.Release|Any CPU.ActiveCfg = Release|Any CPU
		{B7CF75B3-34B5-436F-B22D-CB65C01814E6}.Release|Any CPU.Build.0 = Release|Any CPU
	EndGlobalSection
	GlobalSection(SolutionProperties) = preSolution
		HideSolutionNode = FALSE
	EndGlobalSection
	GlobalSection(NestedProjects) = preSolution
		{1CC7ED4B-3253-49B2-8DDB-9D8B6C5EAFB2} = {C460F499-3B24-4C8E-9FD3-C3783F99AD7A}
		{B7CF75B3-34B5-436F-B22D-CB65C01814E6} = {C460F499-3B24-4C8E-9FD3-C3783F99AD7A}
	EndGlobalSection
	GlobalSection(ExtensibilityGlobals) = postSolution
		SolutionGuid = {564FEB86-284E-42FF-9EB4-B70DD93C1E5C}
	EndGlobalSection
EndGlobal
